
Microsoft Visual Studio Solution File, Format Version 12.00
# Visual Studio Version 17
VisualStudioVersion = 17.2.32616.157
MinimumVisualStudioVersion = 10.0.40219.1
Project("{FAE04EC0-301F-11D3-BF4B-00C04F79EFBC}") = "Data_Structer_LowerAndUpper", "Data_Structer2\Data_Structer_LowerAndUpper.csproj", "{A2D076EE-38C9-4D83-BBA0-15AC068AFD47}"
EndProject
Project("{FAE04EC0-301F-11D3-BF4B-00C04F79EFBC}") = "Struct_Basics", "Struct_Basics\Struct_Basics.csproj", "{0977ED4C-514D-4C95-BE81-7EA01BA8552B}"
EndProject
Project("{FAE04EC0-301F-11D3-BF4B-00C04F79EFBC}") = "Structer_İmprovement", "Structer_İmprovement\Structer_İmprovement.csproj", "{5E5DF037-1EBF-4510-8589-AF97A99C7D78}"
EndProject
Project("{FAE04EC0-301F-11D3-BF4B-00C04F79EFBC}") = "Struct_Value_Type", "Struct_Value_Type\Struct_Value_Type.csproj", "{F454556E-02F9-41A1-BC22-549932A95FCB}"
EndProject
Project("{FAE04EC0-301F-11D3-BF4B-00C04F79EFBC}") = "Teaching_Staff", "Teaching_Staff\Teaching_Staff.csproj", "{DD67C471-C6AB-46F0-9D05-6656FF2ED09F}"
EndProject
Project("{FAE04EC0-301F-11D3-BF4B-00C04F79EFBC}") = "Array_Collection", "Array_Collection\Array_Collection.csproj", "{965E7159-278E-4ED1-AA64-D4743474C740}"
EndProject
Project("{FAE04EC0-301F-11D3-BF4B-00C04F79EFBC}") = "Arrays_Continue", "Arrays_Continue\Arrays_Continue.csproj", "{58135074-20DC-4F73-B85E-D61A10706BF7}"
EndProject
Project("{FAE04EC0-301F-11D3-BF4B-00C04F79EFBC}") = "Hash_Table", "Hash_Table\Hash_Table.csproj", "{362D9F01-E0CF-44C6-94B4-6FA423519378}"
EndProject
Project("{FAE04EC0-301F-11D3-BF4B-00C04F79EFBC}") = "Hash_Table_Applications", "Hash_Table_Applications\Hash_Table_Applications.csproj", "{2C545B25-E97F-4276-A8A5-C61F4EBF1340}"
EndProject
Project("{FAE04EC0-301F-11D3-BF4B-00C04F79EFBC}") = "Basic_Sorted_List", "Basic_Sorted_List\Basic_Sorted_List.csproj", "{70A400AE-2AA1-494B-A3C7-BF21BD11FEF0}"
EndProject
Project("{FAE04EC0-301F-11D3-BF4B-00C04F79EFBC}") = "Sorted_Lİst_Application", "Sorted_Lİst_Application\Sorted_Lİst_Application.csproj", "{9240CEFD-10AB-4ABF-8A43-B39F6BE50F51}"
EndProject
Project("{FAE04EC0-301F-11D3-BF4B-00C04F79EFBC}") = "List", "List\List.csproj", "{234093CC-BF8A-4FB1-93BF-C5284040FD6D}"
EndProject
Project("{FAE04EC0-301F-11D3-BF4B-00C04F79EFBC}") = "IComporable", "IComporable\IComporable.csproj", "{11760E02-ECF8-468C-85B3-0A34F7EBBA2D}"
EndProject
Project("{FAE04EC0-301F-11D3-BF4B-00C04F79EFBC}") = "Stacks", "Stack\Stacks.csproj", "{4B274D6A-2568-46A3-B951-10CB3DF90D90}"
EndProject
Project("{FAE04EC0-301F-11D3-BF4B-00C04F79EFBC}") = "Stack_applications", "Stack_applications\Stack_applications.csproj", "{928FFBA5-301D-4028-90BB-E1FC41BB4B89}"
EndProject
Project("{FAE04EC0-301F-11D3-BF4B-00C04F79EFBC}") = "Queues", "Queue\Queues.csproj", "{E0A615A9-EBC0-45DD-9350-A2A6046C52C1}"
EndProject
Project("{FAE04EC0-301F-11D3-BF4B-00C04F79EFBC}") = "Queue_Application", "Queue_Application\Queue_Application.csproj", "{899D709E-F5EB-49A5-9421-DCE222295539}"
EndProject
Project("{FAE04EC0-301F-11D3-BF4B-00C04F79EFBC}") = "Linked_List", "Linked_List\Linked_List.csproj", "{6850C97C-CCC5-421D-8431-FB43EDFE8972}"
EndProject
Project("{FAE04EC0-301F-11D3-BF4B-00C04F79EFBC}") = "Dictionary", "Dictionary\Dictionary.csproj", "{2FF0B6A0-AB54-4389-A7C6-0D6DA1DB409A}"
EndProject
Project("{FAE04EC0-301F-11D3-BF4B-00C04F79EFBC}") = "deneme", "deneme\deneme.csproj", "{37285F5E-DF71-47CE-B43A-FA59B193368A}"
EndProject
Project("{FAE04EC0-301F-11D3-BF4B-00C04F79EFBC}") = "Dictionary2", "Dictionary2\Dictionary2.csproj", "{6C266B06-A7A3-42E6-A63A-68AA90453E17}"
EndProject
Project("{FAE04EC0-301F-11D3-BF4B-00C04F79EFBC}") = "Sorted_Dictionary", "Sorted_Dictionary\Sorted_Dictionary.csproj", "{52452F8C-2554-415E-A106-8338AF9AA456}"
EndProject
Project("{FAE04EC0-301F-11D3-BF4B-00C04F79EFBC}") = "Sorted_Set", "Sorted_Set\Sorted_Set.csproj", "{01562DB3-FD16-4415-90FF-91A3B660011C}"
EndProject
Project("{FAE04EC0-301F-11D3-BF4B-00C04F79EFBC}") = "Sorted_Set_Application", "Sorted_Set_Application\Sorted_Set_Application.csproj", "{FF9CA785-6EBE-4B9D-AF01-7EE3EA49798C}"
EndProject
Global
	GlobalSection(SolutionConfigurationPlatforms) = preSolution
		Debug|Any CPU = Debug|Any CPU
		Release|Any CPU = Release|Any CPU
	EndGlobalSection
	GlobalSection(ProjectConfigurationPlatforms) = postSolution
		{A2D076EE-38C9-4D83-BBA0-15AC068AFD47}.Debug|Any CPU.ActiveCfg = Debug|Any CPU
		{A2D076EE-38C9-4D83-BBA0-15AC068AFD47}.Debug|Any CPU.Build.0 = Debug|Any CPU
		{A2D076EE-38C9-4D83-BBA0-15AC068AFD47}.Release|Any CPU.ActiveCfg = Release|Any CPU
		{A2D076EE-38C9-4D83-BBA0-15AC068AFD47}.Release|Any CPU.Build.0 = Release|Any CPU
		{0977ED4C-514D-4C95-BE81-7EA01BA8552B}.Debug|Any CPU.ActiveCfg = Debug|Any CPU
		{0977ED4C-514D-4C95-BE81-7EA01BA8552B}.Debug|Any CPU.Build.0 = Debug|Any CPU
		{0977ED4C-514D-4C95-BE81-7EA01BA8552B}.Release|Any CPU.ActiveCfg = Release|Any CPU
		{0977ED4C-514D-4C95-BE81-7EA01BA8552B}.Release|Any CPU.Build.0 = Release|Any CPU
		{5E5DF037-1EBF-4510-8589-AF97A99C7D78}.Debug|Any CPU.ActiveCfg = Debug|Any CPU
		{5E5DF037-1EBF-4510-8589-AF97A99C7D78}.Debug|Any CPU.Build.0 = Debug|Any CPU
		{5E5DF037-1EBF-4510-8589-AF97A99C7D78}.Release|Any CPU.ActiveCfg = Release|Any CPU
		{5E5DF037-1EBF-4510-8589-AF97A99C7D78}.Release|Any CPU.Build.0 = Release|Any CPU
		{F454556E-02F9-41A1-BC22-549932A95FCB}.Debug|Any CPU.ActiveCfg = Debug|Any CPU
		{F454556E-02F9-41A1-BC22-549932A95FCB}.Debug|Any CPU.Build.0 = Debug|Any CPU
		{F454556E-02F9-41A1-BC22-549932A95FCB}.Release|Any CPU.ActiveCfg = Release|Any CPU
		{F454556E-02F9-41A1-BC22-549932A95FCB}.Release|Any CPU.Build.0 = Release|Any CPU
		{DD67C471-C6AB-46F0-9D05-6656FF2ED09F}.Debug|Any CPU.ActiveCfg = Debug|Any CPU
		{DD67C471-C6AB-46F0-9D05-6656FF2ED09F}.Debug|Any CPU.Build.0 = Debug|Any CPU
		{DD67C471-C6AB-46F0-9D05-6656FF2ED09F}.Release|Any CPU.ActiveCfg = Release|Any CPU
		{DD67C471-C6AB-46F0-9D05-6656FF2ED09F}.Release|Any CPU.Build.0 = Release|Any CPU
		{965E7159-278E-4ED1-AA64-D4743474C740}.Debug|Any CPU.ActiveCfg = Debug|Any CPU
		{965E7159-278E-4ED1-AA64-D4743474C740}.Debug|Any CPU.Build.0 = Debug|Any CPU
		{965E7159-278E-4ED1-AA64-D4743474C740}.Release|Any CPU.ActiveCfg = Release|Any CPU
		{965E7159-278E-4ED1-AA64-D4743474C740}.Release|Any CPU.Build.0 = Release|Any CPU
		{58135074-20DC-4F73-B85E-D61A10706BF7}.Debug|Any CPU.ActiveCfg = Debug|Any CPU
		{58135074-20DC-4F73-B85E-D61A10706BF7}.Debug|Any CPU.Build.0 = Debug|Any CPU
		{58135074-20DC-4F73-B85E-D61A10706BF7}.Release|Any CPU.ActiveCfg = Release|Any CPU
		{58135074-20DC-4F73-B85E-D61A10706BF7}.Release|Any CPU.Build.0 = Release|Any CPU
		{362D9F01-E0CF-44C6-94B4-6FA423519378}.Debug|Any CPU.ActiveCfg = Debug|Any CPU
		{362D9F01-E0CF-44C6-94B4-6FA423519378}.Debug|Any CPU.Build.0 = Debug|Any CPU
		{362D9F01-E0CF-44C6-94B4-6FA423519378}.Release|Any CPU.ActiveCfg = Release|Any CPU
		{362D9F01-E0CF-44C6-94B4-6FA423519378}.Release|Any CPU.Build.0 = Release|Any CPU
		{2C545B25-E97F-4276-A8A5-C61F4EBF1340}.Debug|Any CPU.ActiveCfg = Debug|Any CPU
		{2C545B25-E97F-4276-A8A5-C61F4EBF1340}.Debug|Any CPU.Build.0 = Debug|Any CPU
		{2C545B25-E97F-4276-A8A5-C61F4EBF1340}.Release|Any CPU.ActiveCfg = Release|Any CPU
		{2C545B25-E97F-4276-A8A5-C61F4EBF1340}.Release|Any CPU.Build.0 = Release|Any CPU
		{70A400AE-2AA1-494B-A3C7-BF21BD11FEF0}.Debug|Any CPU.ActiveCfg = Debug|Any CPU
		{70A400AE-2AA1-494B-A3C7-BF21BD11FEF0}.Debug|Any CPU.Build.0 = Debug|Any CPU
		{70A400AE-2AA1-494B-A3C7-BF21BD11FEF0}.Release|Any CPU.ActiveCfg = Release|Any CPU
		{70A400AE-2AA1-494B-A3C7-BF21BD11FEF0}.Release|Any CPU.Build.0 = Release|Any CPU
		{9240CEFD-10AB-4ABF-8A43-B39F6BE50F51}.Debug|Any CPU.ActiveCfg = Debug|Any CPU
		{9240CEFD-10AB-4ABF-8A43-B39F6BE50F51}.Debug|Any CPU.Build.0 = Debug|Any CPU
		{9240CEFD-10AB-4ABF-8A43-B39F6BE50F51}.Release|Any CPU.ActiveCfg = Release|Any CPU
		{9240CEFD-10AB-4ABF-8A43-B39F6BE50F51}.Release|Any CPU.Build.0 = Release|Any CPU
		{234093CC-BF8A-4FB1-93BF-C5284040FD6D}.Debug|Any CPU.ActiveCfg = Debug|Any CPU
		{234093CC-BF8A-4FB1-93BF-C5284040FD6D}.Debug|Any CPU.Build.0 = Debug|Any CPU
		{234093CC-BF8A-4FB1-93BF-C5284040FD6D}.Release|Any CPU.ActiveCfg = Release|Any CPU
		{234093CC-BF8A-4FB1-93BF-C5284040FD6D}.Release|Any CPU.Build.0 = Release|Any CPU
		{11760E02-ECF8-468C-85B3-0A34F7EBBA2D}.Debug|Any CPU.ActiveCfg = Debug|Any CPU
		{11760E02-ECF8-468C-85B3-0A34F7EBBA2D}.Debug|Any CPU.Build.0 = Debug|Any CPU
		{11760E02-ECF8-468C-85B3-0A34F7EBBA2D}.Release|Any CPU.ActiveCfg = Release|Any CPU
		{11760E02-ECF8-468C-85B3-0A34F7EBBA2D}.Release|Any CPU.Build.0 = Release|Any CPU
		{4B274D6A-2568-46A3-B951-10CB3DF90D90}.Debug|Any CPU.ActiveCfg = Debug|Any CPU
		{4B274D6A-2568-46A3-B951-10CB3DF90D90}.Debug|Any CPU.Build.0 = Debug|Any CPU
		{4B274D6A-2568-46A3-B951-10CB3DF90D90}.Release|Any CPU.ActiveCfg = Release|Any CPU
		{4B274D6A-2568-46A3-B951-10CB3DF90D90}.Release|Any CPU.Build.0 = Release|Any CPU
		{928FFBA5-301D-4028-90BB-E1FC41BB4B89}.Debug|Any CPU.ActiveCfg = Debug|Any CPU
		{928FFBA5-301D-4028-90BB-E1FC41BB4B89}.Debug|Any CPU.Build.0 = Debug|Any CPU
		{928FFBA5-301D-4028-90BB-E1FC41BB4B89}.Release|Any CPU.ActiveCfg = Release|Any CPU
		{928FFBA5-301D-4028-90BB-E1FC41BB4B89}.Release|Any CPU.Build.0 = Release|Any CPU
		{E0A615A9-EBC0-45DD-9350-A2A6046C52C1}.Debug|Any CPU.ActiveCfg = Debug|Any CPU
		{E0A615A9-EBC0-45DD-9350-A2A6046C52C1}.Debug|Any CPU.Build.0 = Debug|Any CPU
		{E0A615A9-EBC0-45DD-9350-A2A6046C52C1}.Release|Any CPU.ActiveCfg = Release|Any CPU
		{E0A615A9-EBC0-45DD-9350-A2A6046C52C1}.Release|Any CPU.Build.0 = Release|Any CPU
		{899D709E-F5EB-49A5-9421-DCE222295539}.Debug|Any CPU.ActiveCfg = Debug|Any CPU
		{899D709E-F5EB-49A5-9421-DCE222295539}.Debug|Any CPU.Build.0 = Debug|Any CPU
		{899D709E-F5EB-49A5-9421-DCE222295539}.Release|Any CPU.ActiveCfg = Release|Any CPU
		{899D709E-F5EB-49A5-9421-DCE222295539}.Release|Any CPU.Build.0 = Release|Any CPU
		{6850C97C-CCC5-421D-8431-FB43EDFE8972}.Debug|Any CPU.ActiveCfg = Debug|Any CPU
		{6850C97C-CCC5-421D-8431-FB43EDFE8972}.Debug|Any CPU.Build.0 = Debug|Any CPU
		{6850C97C-CCC5-421D-8431-FB43EDFE8972}.Release|Any CPU.ActiveCfg = Release|Any CPU
		{6850C97C-CCC5-421D-8431-FB43EDFE8972}.Release|Any CPU.Build.0 = Release|Any CPU
		{2FF0B6A0-AB54-4389-A7C6-0D6DA1DB409A}.Debug|Any CPU.ActiveCfg = Debug|Any CPU
		{2FF0B6A0-AB54-4389-A7C6-0D6DA1DB409A}.Debug|Any CPU.Build.0 = Debug|Any CPU
		{2FF0B6A0-AB54-4389-A7C6-0D6DA1DB409A}.Release|Any CPU.ActiveCfg = Release|Any CPU
		{2FF0B6A0-AB54-4389-A7C6-0D6DA1DB409A}.Release|Any CPU.Build.0 = Release|Any CPU
		{37285F5E-DF71-47CE-B43A-FA59B193368A}.Debug|Any CPU.ActiveCfg = Debug|Any CPU
		{37285F5E-DF71-47CE-B43A-FA59B193368A}.Debug|Any CPU.Build.0 = Debug|Any CPU
		{37285F5E-DF71-47CE-B43A-FA59B193368A}.Release|Any CPU.ActiveCfg = Release|Any CPU
		{37285F5E-DF71-47CE-B43A-FA59B193368A}.Release|Any CPU.Build.0 = Release|Any CPU
		{6C266B06-A7A3-42E6-A63A-68AA90453E17}.Debug|Any CPU.ActiveCfg = Debug|Any CPU
		{6C266B06-A7A3-42E6-A63A-68AA90453E17}.Debug|Any CPU.Build.0 = Debug|Any CPU
		{6C266B06-A7A3-42E6-A63A-68AA90453E17}.Release|Any CPU.ActiveCfg = Release|Any CPU
		{6C266B06-A7A3-42E6-A63A-68AA90453E17}.Release|Any CPU.Build.0 = Release|Any CPU
		{52452F8C-2554-415E-A106-8338AF9AA456}.Debug|Any CPU.ActiveCfg = Debug|Any CPU
		{52452F8C-2554-415E-A106-8338AF9AA456}.Debug|Any CPU.Build.0 = Debug|Any CPU
		{52452F8C-2554-415E-A106-8338AF9AA456}.Release|Any CPU.ActiveCfg = Release|Any CPU
		{52452F8C-2554-415E-A106-8338AF9AA456}.Release|Any CPU.Build.0 = Release|Any CPU
		{01562DB3-FD16-4415-90FF-91A3B660011C}.Debug|Any CPU.ActiveCfg = Debug|Any CPU
		{01562DB3-FD16-4415-90FF-91A3B660011C}.Debug|Any CPU.Build.0 = Debug|Any CPU
		{01562DB3-FD16-4415-90FF-91A3B660011C}.Release|Any CPU.ActiveCfg = Release|Any CPU
		{01562DB3-FD16-4415-90FF-91A3B660011C}.Release|Any CPU.Build.0 = Release|Any CPU
		{FF9CA785-6EBE-4B9D-AF01-7EE3EA49798C}.Debug|Any CPU.ActiveCfg = Debug|Any CPU
		{FF9CA785-6EBE-4B9D-AF01-7EE3EA49798C}.Debug|Any CPU.Build.0 = Debug|Any CPU
		{FF9CA785-6EBE-4B9D-AF01-7EE3EA49798C}.Release|Any CPU.ActiveCfg = Release|Any CPU
		{FF9CA785-6EBE-4B9D-AF01-7EE3EA49798C}.Release|Any CPU.Build.0 = Release|Any CPU
	EndGlobalSection
	GlobalSection(SolutionProperties) = preSolution
		HideSolutionNode = FALSE
	EndGlobalSection
	GlobalSection(ExtensibilityGlobals) = postSolution
		SolutionGuid = {E84EC999-E7A8-457B-B483-38C7ED287AD5}
	EndGlobalSection
EndGlobal
